
Microsoft Visual Studio Solution File, Format Version 12.00
# Visual Studio Version 17
VisualStudioVersion = 17.5.33516.290
MinimumVisualStudioVersion = 10.0.40219.1
Project("{FAE04EC0-301F-11D3-BF4B-00C04F79EFBC}") = "FoodOrderConsoleApp", "FoodOrderConsoleApp.csproj", "{DC62F28A-1BC9-4F69-A2E3-15FD82E81390}"
EndProject
Global
	GlobalSection(SolutionConfigurationPlatforms) = preSolution
		Debug|Any CPU = Debug|Any CPU
		Release|Any CPU = Release|Any CPU
	EndGlobalSection
	GlobalSection(ProjectConfigurationPlatforms) = postSolution
		{DC62F28A-1BC9-4F69-A2E3-15FD82E81390}.Debug|Any CPU.ActiveCfg = Debug|Any CPU
		{DC62F28A-1BC9-4F69-A2E3-15FD82E81390}.Debug|Any CPU.Build.0 = Debug|Any CPU
		{DC62F28A-1BC9-4F69-A2E3-15FD82E81390}.Release|Any CPU.ActiveCfg = Release|Any CPU
		{DC62F28A-1BC9-4F69-A2E3-15FD82E81390}.Release|Any CPU.Build.0 = Release|Any CPU
	EndGlobalSection
	GlobalSection(SolutionProperties) = preSolution
		HideSolutionNode = FALSE
	EndGlobalSection
	GlobalSection(ExtensibilityGlobals) = postSolution
		SolutionGuid = {C2F205FF-1B13-4F5B-A017-DE06202D1220}
	EndGlobalSection
EndGlobal
